
Microsoft Visual Studio Solution File, Format Version 12.00
# Visual Studio Version 16
VisualStudioVersion = 16.0.29230.47
MinimumVisualStudioVersion = 10.0.40219.1
Project("{FAE04EC0-301F-11D3-BF4B-00C04F79EFBC}") = "GUIProject", "GUIProject.csproj", "{05500B41-0B9B-4BDB-9AE4-409C4C085C47}"
EndProject
Global
	GlobalSection(SolutionConfigurationPlatforms) = preSolution
		Debug|Any CPU = Debug|Any CPU
		Release|Any CPU = Release|Any CPU
	EndGlobalSection
	GlobalSection(ProjectConfigurationPlatforms) = postSolution
		{05500B41-0B9B-4BDB-9AE4-409C4C085C47}.Debug|Any CPU.ActiveCfg = Debug|Any CPU
		{05500B41-0B9B-4BDB-9AE4-409C4C085C47}.Debug|Any CPU.Build.0 = Debug|Any CPU
		{05500B41-0B9B-4BDB-9AE4-409C4C085C47}.Release|Any CPU.ActiveCfg = Release|Any CPU
		{05500B41-0B9B-4BDB-9AE4-409C4C085C47}.Release|Any CPU.Build.0 = Release|Any CPU
	EndGlobalSection
	GlobalSection(SolutionProperties) = preSolution
		HideSolutionNode = FALSE
	EndGlobalSection
	GlobalSection(ExtensibilityGlobals) = postSolution
		SolutionGuid = {651ECFFD-AF3B-433E-A958-1EEC701D3180}
	EndGlobalSection
EndGlobal
